
Microsoft Visual Studio Solution File, Format Version 12.00
# Visual Studio Version 16
VisualStudioVersion = 16.0.32901.82
MinimumVisualStudioVersion = 10.0.40219.1
Project("{FAE04EC0-301F-11D3-BF4B-00C04F79EFBC}") = "HttpAsyncServ1", "HttpAsyncServ1\HttpAsyncServ1.csproj", "{BCFE944E-4019-4736-9086-F46E6C170E8B}"
EndProject
Global
	GlobalSection(SolutionConfigurationPlatforms) = preSolution
		Debug|Any CPU = Debug|Any CPU
		Release|Any CPU = Release|Any CPU
	EndGlobalSection
	GlobalSection(ProjectConfigurationPlatforms) = postSolution
		{BCFE944E-4019-4736-9086-F46E6C170E8B}.Debug|Any CPU.ActiveCfg = Debug|Any CPU
		{BCFE944E-4019-4736-9086-F46E6C170E8B}.Debug|Any CPU.Build.0 = Debug|Any CPU
		{BCFE944E-4019-4736-9086-F46E6C170E8B}.Release|Any CPU.ActiveCfg = Release|Any CPU
		{BCFE944E-4019-4736-9086-F46E6C170E8B}.Release|Any CPU.Build.0 = Release|Any CPU
	EndGlobalSection
	GlobalSection(SolutionProperties) = preSolution
		HideSolutionNode = FALSE
	EndGlobalSection
	GlobalSection(ExtensibilityGlobals) = postSolution
		SolutionGuid = {330A7555-B435-4E51-B87D-C500F3081D4D}
	EndGlobalSection
EndGlobal
